
Microsoft Visual Studio Solution File, Format Version 12.00
# Visual Studio Version 17
VisualStudioVersion = 17.14.36717.8
MinimumVisualStudioVersion = 10.0.40219.1
Project("{FAE04EC0-301F-11D3-BF4B-00C04F79EFBC}") = "Bookexercise", "Olio ohjelmointi\Bookexercise.csproj", "{DD11E140-122F-4C29-9700-1EA2D422A7B9}"
EndProject
Project("{FAE04EC0-301F-11D3-BF4B-00C04F79EFBC}") = "CarExercise", "CarExercis\CarExercise.csproj", "{2F83320C-9213-4AA5-9A0A-C150C093C5AD}"
EndProject
Project("{FAE04EC0-301F-11D3-BF4B-00C04F79EFBC}") = "CompanyExercise", "CompanyExercise\CompanyExercise.csproj", "{ADE640C0-FB56-4637-B6A7-4190D62BBBB0}"
EndProject
Global
	GlobalSection(SolutionConfigurationPlatforms) = preSolution
		Debug|Any CPU = Debug|Any CPU
		Release|Any CPU = Release|Any CPU
	EndGlobalSection
	GlobalSection(ProjectConfigurationPlatforms) = postSolution
		{DD11E140-122F-4C29-9700-1EA2D422A7B9}.Debug|Any CPU.ActiveCfg = Debug|Any CPU
		{DD11E140-122F-4C29-9700-1EA2D422A7B9}.Debug|Any CPU.Build.0 = Debug|Any CPU
		{DD11E140-122F-4C29-9700-1EA2D422A7B9}.Release|Any CPU.ActiveCfg = Release|Any CPU
		{DD11E140-122F-4C29-9700-1EA2D422A7B9}.Release|Any CPU.Build.0 = Release|Any CPU
		{2F83320C-9213-4AA5-9A0A-C150C093C5AD}.Debug|Any CPU.ActiveCfg = Debug|Any CPU
		{2F83320C-9213-4AA5-9A0A-C150C093C5AD}.Debug|Any CPU.Build.0 = Debug|Any CPU
		{2F83320C-9213-4AA5-9A0A-C150C093C5AD}.Release|Any CPU.ActiveCfg = Release|Any CPU
		{2F83320C-9213-4AA5-9A0A-C150C093C5AD}.Release|Any CPU.Build.0 = Release|Any CPU
		{ADE640C0-FB56-4637-B6A7-4190D62BBBB0}.Debug|Any CPU.ActiveCfg = Debug|Any CPU
		{ADE640C0-FB56-4637-B6A7-4190D62BBBB0}.Debug|Any CPU.Build.0 = Debug|Any CPU
		{ADE640C0-FB56-4637-B6A7-4190D62BBBB0}.Release|Any CPU.ActiveCfg = Release|Any CPU
		{ADE640C0-FB56-4637-B6A7-4190D62BBBB0}.Release|Any CPU.Build.0 = Release|Any CPU
	EndGlobalSection
	GlobalSection(SolutionProperties) = preSolution
		HideSolutionNode = FALSE
	EndGlobalSection
	GlobalSection(ExtensibilityGlobals) = postSolution
		SolutionGuid = {9B6AF140-2E36-4BA0-A13B-F3A947BAFDCC}
	EndGlobalSection
EndGlobal
